
Microsoft Visual Studio Solution File, Format Version 12.00
# Visual Studio 2013
VisualStudioVersion = 12.0.40629.0
MinimumVisualStudioVersion = 10.0.40219.1
Project("{FAE04EC0-301F-11D3-BF4B-00C04F79EFBC}") = "Service.Broker", "Host\Service.Broker\Service.Broker.csproj", "{D6413634-4FDE-4154-95E0-162FDE5C43B0}"
	ProjectSection(ProjectDependencies) = postProject
		{77C34ACB-E7E5-41C0-A922-69EAF5028933} = {77C34ACB-E7E5-41C0-A922-69EAF5028933}
	EndProjectSection
EndProject
Project("{FAE04EC0-301F-11D3-BF4B-00C04F79EFBC}") = "Service.Command", "Host\Service.Command\Service.Command.csproj", "{80D5AF65-0545-4B4D-9CF3-B4F5532EC87E}"
	ProjectSection(ProjectDependencies) = postProject
		{8B8AC70E-9B41-4B8D-908C-8BFA254889E8} = {8B8AC70E-9B41-4B8D-908C-8BFA254889E8}
		{756A575E-4252-4A9E-8A12-46AC72C5B26F} = {756A575E-4252-4A9E-8A12-46AC72C5B26F}
		{2E18FC9C-CD5F-45C0-9903-F39008CF530E} = {2E18FC9C-CD5F-45C0-9903-F39008CF530E}
		{77C34ACB-E7E5-41C0-A922-69EAF5028933} = {77C34ACB-E7E5-41C0-A922-69EAF5028933}
	EndProjectSection
EndProject
Project("{FAE04EC0-301F-11D3-BF4B-00C04F79EFBC}") = "Service.Event", "Host\Service.Event\Service.Event.csproj", "{C00DD506-76A7-45FA-B9A2-88A91781644A}"
	ProjectSection(ProjectDependencies) = postProject
		{8B8AC70E-9B41-4B8D-908C-8BFA254889E8} = {8B8AC70E-9B41-4B8D-908C-8BFA254889E8}
		{B696721F-1A73-4873-B2E8-E823EC6ACA42} = {B696721F-1A73-4873-B2E8-E823EC6ACA42}
		{756A575E-4252-4A9E-8A12-46AC72C5B26F} = {756A575E-4252-4A9E-8A12-46AC72C5B26F}
		{1F80AA71-1FA1-4F01-B6BD-FA3F6DABF2EF} = {1F80AA71-1FA1-4F01-B6BD-FA3F6DABF2EF}
		{77C34ACB-E7E5-41C0-A922-69EAF5028933} = {77C34ACB-E7E5-41C0-A922-69EAF5028933}
	EndProjectSection
EndProject
Project("{2150E333-8FDC-42A3-9474-1A3956D46DE8}") = "Host", "Host", "{236906BF-BE8B-4528-89D4-28ACAB304A92}"
EndProject
Project("{FAE04EC0-301F-11D3-BF4B-00C04F79EFBC}") = "Domain", "Domain\Domain.csproj", "{8B8AC70E-9B41-4B8D-908C-8BFA254889E8}"
EndProject
Project("{FAE04EC0-301F-11D3-BF4B-00C04F79EFBC}") = "Commands", "Commands\Commands.csproj", "{756A575E-4252-4A9E-8A12-46AC72C5B26F}"
EndProject
Project("{FAE04EC0-301F-11D3-BF4B-00C04F79EFBC}") = "CommandHandlers", "CommandHandlers\CommandHandlers.csproj", "{2E18FC9C-CD5F-45C0-9903-F39008CF530E}"
	ProjectSection(ProjectDependencies) = postProject
		{8B8AC70E-9B41-4B8D-908C-8BFA254889E8} = {8B8AC70E-9B41-4B8D-908C-8BFA254889E8}
		{756A575E-4252-4A9E-8A12-46AC72C5B26F} = {756A575E-4252-4A9E-8A12-46AC72C5B26F}
	EndProjectSection
EndProject
Project("{FAE04EC0-301F-11D3-BF4B-00C04F79EFBC}") = "Denormalizers.Dapper", "Denormalizers.Dapper\Denormalizers.Dapper.csproj", "{B696721F-1A73-4873-B2E8-E823EC6ACA42}"
	ProjectSection(ProjectDependencies) = postProject
		{8B8AC70E-9B41-4B8D-908C-8BFA254889E8} = {8B8AC70E-9B41-4B8D-908C-8BFA254889E8}
		{77C34ACB-E7E5-41C0-A922-69EAF5028933} = {77C34ACB-E7E5-41C0-A922-69EAF5028933}
	EndProjectSection
EndProject
Project("{FAE04EC0-301F-11D3-BF4B-00C04F79EFBC}") = "Infrastructure", "Infrastructure\Infrastructure.csproj", "{77C34ACB-E7E5-41C0-A922-69EAF5028933}"
EndProject
Project("{FAE04EC0-301F-11D3-BF4B-00C04F79EFBC}") = "ProcessManagers", "ProcessManagers\ProcessManagers.csproj", "{1F80AA71-1FA1-4F01-B6BD-FA3F6DABF2EF}"
	ProjectSection(ProjectDependencies) = postProject
		{8B8AC70E-9B41-4B8D-908C-8BFA254889E8} = {8B8AC70E-9B41-4B8D-908C-8BFA254889E8}
		{756A575E-4252-4A9E-8A12-46AC72C5B26F} = {756A575E-4252-4A9E-8A12-46AC72C5B26F}
		{77C34ACB-E7E5-41C0-A922-69EAF5028933} = {77C34ACB-E7E5-41C0-A922-69EAF5028933}
	EndProjectSection
EndProject
Project("{2150E333-8FDC-42A3-9474-1A3956D46DE8}") = "Producer", "Producer", "{987C9284-DAFF-4C4D-8AA8-EDAD841D4D16}"
EndProject
Project("{FAE04EC0-301F-11D3-BF4B-00C04F79EFBC}") = "Console", "Console\Console.csproj", "{2DDD849F-0A13-4E26-B4CB-D4BB2C5BB204}"
	ProjectSection(ProjectDependencies) = postProject
		{8B8AC70E-9B41-4B8D-908C-8BFA254889E8} = {8B8AC70E-9B41-4B8D-908C-8BFA254889E8}
		{756A575E-4252-4A9E-8A12-46AC72C5B26F} = {756A575E-4252-4A9E-8A12-46AC72C5B26F}
	EndProjectSection
EndProject
Project("{FAE04EC0-301F-11D3-BF4B-00C04F79EFBC}") = "Web", "Web\Web.csproj", "{821EC9B5-81CB-49DE-A52C-3C530C79053B}"
	ProjectSection(ProjectDependencies) = postProject
		{8B8AC70E-9B41-4B8D-908C-8BFA254889E8} = {8B8AC70E-9B41-4B8D-908C-8BFA254889E8}
		{756A575E-4252-4A9E-8A12-46AC72C5B26F} = {756A575E-4252-4A9E-8A12-46AC72C5B26F}
	EndProjectSection
EndProject
Global
	GlobalSection(SolutionConfigurationPlatforms) = preSolution
		Debug|Any CPU = Debug|Any CPU
		Release|Any CPU = Release|Any CPU
	EndGlobalSection
	GlobalSection(ProjectConfigurationPlatforms) = postSolution
		{D6413634-4FDE-4154-95E0-162FDE5C43B0}.Debug|Any CPU.ActiveCfg = Debug|Any CPU
		{D6413634-4FDE-4154-95E0-162FDE5C43B0}.Debug|Any CPU.Build.0 = Debug|Any CPU
		{D6413634-4FDE-4154-95E0-162FDE5C43B0}.Release|Any CPU.ActiveCfg = Release|Any CPU
		{D6413634-4FDE-4154-95E0-162FDE5C43B0}.Release|Any CPU.Build.0 = Release|Any CPU
		{80D5AF65-0545-4B4D-9CF3-B4F5532EC87E}.Debug|Any CPU.ActiveCfg = Debug|Any CPU
		{80D5AF65-0545-4B4D-9CF3-B4F5532EC87E}.Debug|Any CPU.Build.0 = Debug|Any CPU
		{80D5AF65-0545-4B4D-9CF3-B4F5532EC87E}.Release|Any CPU.ActiveCfg = Release|Any CPU
		{80D5AF65-0545-4B4D-9CF3-B4F5532EC87E}.Release|Any CPU.Build.0 = Release|Any CPU
		{C00DD506-76A7-45FA-B9A2-88A91781644A}.Debug|Any CPU.ActiveCfg = Debug|Any CPU
		{C00DD506-76A7-45FA-B9A2-88A91781644A}.Debug|Any CPU.Build.0 = Debug|Any CPU
		{C00DD506-76A7-45FA-B9A2-88A91781644A}.Release|Any CPU.ActiveCfg = Release|Any CPU
		{C00DD506-76A7-45FA-B9A2-88A91781644A}.Release|Any CPU.Build.0 = Release|Any CPU
		{8B8AC70E-9B41-4B8D-908C-8BFA254889E8}.Debug|Any CPU.ActiveCfg = Debug|Any CPU
		{8B8AC70E-9B41-4B8D-908C-8BFA254889E8}.Debug|Any CPU.Build.0 = Debug|Any CPU
		{8B8AC70E-9B41-4B8D-908C-8BFA254889E8}.Release|Any CPU.ActiveCfg = Release|Any CPU
		{8B8AC70E-9B41-4B8D-908C-8BFA254889E8}.Release|Any CPU.Build.0 = Release|Any CPU
		{756A575E-4252-4A9E-8A12-46AC72C5B26F}.Debug|Any CPU.ActiveCfg = Debug|Any CPU
		{756A575E-4252-4A9E-8A12-46AC72C5B26F}.Debug|Any CPU.Build.0 = Debug|Any CPU
		{756A575E-4252-4A9E-8A12-46AC72C5B26F}.Release|Any CPU.ActiveCfg = Release|Any CPU
		{756A575E-4252-4A9E-8A12-46AC72C5B26F}.Release|Any CPU.Build.0 = Release|Any CPU
		{2E18FC9C-CD5F-45C0-9903-F39008CF530E}.Debug|Any CPU.ActiveCfg = Debug|Any CPU
		{2E18FC9C-CD5F-45C0-9903-F39008CF530E}.Debug|Any CPU.Build.0 = Debug|Any CPU
		{2E18FC9C-CD5F-45C0-9903-F39008CF530E}.Release|Any CPU.ActiveCfg = Release|Any CPU
		{2E18FC9C-CD5F-45C0-9903-F39008CF530E}.Release|Any CPU.Build.0 = Release|Any CPU
		{B696721F-1A73-4873-B2E8-E823EC6ACA42}.Debug|Any CPU.ActiveCfg = Debug|Any CPU
		{B696721F-1A73-4873-B2E8-E823EC6ACA42}.Debug|Any CPU.Build.0 = Debug|Any CPU
		{B696721F-1A73-4873-B2E8-E823EC6ACA42}.Release|Any CPU.ActiveCfg = Release|Any CPU
		{B696721F-1A73-4873-B2E8-E823EC6ACA42}.Release|Any CPU.Build.0 = Release|Any CPU
		{77C34ACB-E7E5-41C0-A922-69EAF5028933}.Debug|Any CPU.ActiveCfg = Debug|Any CPU
		{77C34ACB-E7E5-41C0-A922-69EAF5028933}.Debug|Any CPU.Build.0 = Debug|Any CPU
		{77C34ACB-E7E5-41C0-A922-69EAF5028933}.Release|Any CPU.ActiveCfg = Release|Any CPU
		{77C34ACB-E7E5-41C0-A922-69EAF5028933}.Release|Any CPU.Build.0 = Release|Any CPU
		{1F80AA71-1FA1-4F01-B6BD-FA3F6DABF2EF}.Debug|Any CPU.ActiveCfg = Debug|Any CPU
		{1F80AA71-1FA1-4F01-B6BD-FA3F6DABF2EF}.Debug|Any CPU.Build.0 = Debug|Any CPU
		{1F80AA71-1FA1-4F01-B6BD-FA3F6DABF2EF}.Release|Any CPU.ActiveCfg = Release|Any CPU
		{1F80AA71-1FA1-4F01-B6BD-FA3F6DABF2EF}.Release|Any CPU.Build.0 = Release|Any CPU
		{2DDD849F-0A13-4E26-B4CB-D4BB2C5BB204}.Debug|Any CPU.ActiveCfg = Debug|Any CPU
		{2DDD849F-0A13-4E26-B4CB-D4BB2C5BB204}.Debug|Any CPU.Build.0 = Debug|Any CPU
		{2DDD849F-0A13-4E26-B4CB-D4BB2C5BB204}.Release|Any CPU.ActiveCfg = Release|Any CPU
		{2DDD849F-0A13-4E26-B4CB-D4BB2C5BB204}.Release|Any CPU.Build.0 = Release|Any CPU
		{821EC9B5-81CB-49DE-A52C-3C530C79053B}.Debug|Any CPU.ActiveCfg = Debug|Any CPU
		{821EC9B5-81CB-49DE-A52C-3C530C79053B}.Debug|Any CPU.Build.0 = Debug|Any CPU
		{821EC9B5-81CB-49DE-A52C-3C530C79053B}.Release|Any CPU.ActiveCfg = Release|Any CPU
		{821EC9B5-81CB-49DE-A52C-3C530C79053B}.Release|Any CPU.Build.0 = Release|Any CPU
	EndGlobalSection
	GlobalSection(SolutionProperties) = preSolution
		HideSolutionNode = FALSE
	EndGlobalSection
	GlobalSection(NestedProjects) = preSolution
		{D6413634-4FDE-4154-95E0-162FDE5C43B0} = {236906BF-BE8B-4528-89D4-28ACAB304A92}
		{80D5AF65-0545-4B4D-9CF3-B4F5532EC87E} = {236906BF-BE8B-4528-89D4-28ACAB304A92}
		{C00DD506-76A7-45FA-B9A2-88A91781644A} = {236906BF-BE8B-4528-89D4-28ACAB304A92}
		{2DDD849F-0A13-4E26-B4CB-D4BB2C5BB204} = {987C9284-DAFF-4C4D-8AA8-EDAD841D4D16}
		{821EC9B5-81CB-49DE-A52C-3C530C79053B} = {987C9284-DAFF-4C4D-8AA8-EDAD841D4D16}
	EndGlobalSection
EndGlobal
